
Microsoft Visual Studio Solution File, Format Version 12.00
# Visual Studio Version 17
VisualStudioVersion = 17.2.32630.192
MinimumVisualStudioVersion = 10.0.40219.1
Project("{FAE04EC0-301F-11D3-BF4B-00C04F79EFBC}") = "MiniDown", "MiniDown.csproj", "{ED69A0FC-7A4C-439D-A112-29EEA1569D8A}"
EndProject
Global
	GlobalSection(SolutionConfigurationPlatforms) = preSolution
		Debug|Any CPU = Debug|Any CPU
		Release|Any CPU = Release|Any CPU
	EndGlobalSection
	GlobalSection(ProjectConfigurationPlatforms) = postSolution
		{ED69A0FC-7A4C-439D-A112-29EEA1569D8A}.Debug|Any CPU.ActiveCfg = Debug|Any CPU
		{ED69A0FC-7A4C-439D-A112-29EEA1569D8A}.Debug|Any CPU.Build.0 = Debug|Any CPU
		{ED69A0FC-7A4C-439D-A112-29EEA1569D8A}.Release|Any CPU.ActiveCfg = Release|Any CPU
		{ED69A0FC-7A4C-439D-A112-29EEA1569D8A}.Release|Any CPU.Build.0 = Release|Any CPU
	EndGlobalSection
	GlobalSection(SolutionProperties) = preSolution
		HideSolutionNode = FALSE
	EndGlobalSection
	GlobalSection(ExtensibilityGlobals) = postSolution
		SolutionGuid = {E746BAF1-14DB-46E5-A4CE-8956F1ADB025}
	EndGlobalSection
EndGlobal
